
Microsoft Visual Studio Solution File, Format Version 12.00
# Visual Studio Version 17
VisualStudioVersion = 17.2.32602.215
MinimumVisualStudioVersion = 10.0.40219.1
Project("{FAE04EC0-301F-11D3-BF4B-00C04F79EFBC}") = "Negr", "Negr\Negr.csproj", "{9F9BC00B-BE55-4C43-827A-E6BED71D6BDA}"
EndProject
Global
	GlobalSection(SolutionConfigurationPlatforms) = preSolution
		Debug|Any CPU = Debug|Any CPU
		Release|Any CPU = Release|Any CPU
	EndGlobalSection
	GlobalSection(ProjectConfigurationPlatforms) = postSolution
		{9F9BC00B-BE55-4C43-827A-E6BED71D6BDA}.Debug|Any CPU.ActiveCfg = Debug|Any CPU
		{9F9BC00B-BE55-4C43-827A-E6BED71D6BDA}.Debug|Any CPU.Build.0 = Debug|Any CPU
		{9F9BC00B-BE55-4C43-827A-E6BED71D6BDA}.Release|Any CPU.ActiveCfg = Release|Any CPU
		{9F9BC00B-BE55-4C43-827A-E6BED71D6BDA}.Release|Any CPU.Build.0 = Release|Any CPU
	EndGlobalSection
	GlobalSection(SolutionProperties) = preSolution
		HideSolutionNode = FALSE
	EndGlobalSection
	GlobalSection(ExtensibilityGlobals) = postSolution
		SolutionGuid = {B492A03C-8DD0-43F0-9FD8-A265901FC2D5}
	EndGlobalSection
EndGlobal
